# This file was autogenerated by Stack.
# You should not edit this file by hand.
# For more information, please see the documentation at:
#   https://docs.haskellstack.org/en/stable/lock_files

packages:
- completed:
    hackage: scotty-0.21@sha256:d17f6aa30fc4763670922b3e554db35858b9f7aa9c19937c47568480c4d1e031,5948
    pantry-tree:
      sha256: 9999357ebe8e98b9f52da601a7c051819c661ea8381825078f990266b32c335b
      size: 2068
  original:
    hackage: scotty-0.21@sha256:d17f6aa30fc4763670922b3e554db35858b9f7aa9c19937c47568480c4d1e031,5948
- completed:
    hackage: servant-0.20.1@sha256:ec6b11132f3448a0f7daa6b3d0daf2634062017df89855c6b9d8268944c72243,5436
    pantry-tree:
      sha256: 1d165bc7ebf50280ba39191112eba0368bb9af55b7345bc17318fdcf803efdba
      size: 2873
  original:
    hackage: servant-0.20.1@sha256:ec6b11132f3448a0f7daa6b3d0daf2634062017df89855c6b9d8268944c72243,5436
- completed:
    hackage: servant-server-0.20@sha256:1bb179f028b0b2b28222f04bd589f9fbc6f855194e73a7cbc692e097f3b30574,5739
    pantry-tree:
      sha256: 8ae235fc825018111ecfeb74fe63753010ed4585a1fc391422b8083ce3ba3ae8
      size: 2615
  original:
    hackage: servant-server-0.20@sha256:1bb179f028b0b2b28222f04bd589f9fbc6f855194e73a7cbc692e097f3b30574,5739
snapshots:
- completed:
    sha256: 5a59b2a405b3aba3c00188453be172b85893cab8ebc352b1ef58b0eae5d248a2
    size: 650475
    url: https://raw.githubusercontent.com/commercialhaskell/stackage-snapshots/master/lts/20/26.yaml
  original: lts-20.26
