# This file was autogenerated by Stack.
# You should not edit this file by hand.
# For more information, please see the documentation at:
#   https://docs.haskellstack.org/en/stable/topics/lock_files

packages:
- completed:
    hackage: openapi3-3.2.4@sha256:7309864a9a59b4654b21ef477444fb26bf8d393eba795dd8de089b368ea74c2a,4982
    pantry-tree:
      sha256: 1ac8db74ee9753398df1b87f2556c83cce42994c3a2c80faa13169ddba250ab0
      size: 2263
  original:
    hackage: openapi3-3.2.4@sha256:7309864a9a59b4654b21ef477444fb26bf8d393eba795dd8de089b368ea74c2a,4982
- completed:
    hackage: swagger2-2.8.10@sha256:e2cd0e2077b3f2571a3bfca2aca0ba03d10086800803d9c0b7bb895f7aad8441,4689
    pantry-tree:
      sha256: 1d9fe7cb9fb7c42425a9bc4fe1bb22ebf51d7dd91c04516117c065afd2392626
      size: 2192
  original:
    hackage: swagger2-2.8.10@sha256:e2cd0e2077b3f2571a3bfca2aca0ba03d10086800803d9c0b7bb895f7aad8441,4689
snapshots:
- completed:
    sha256: 894d4f30233d013a630888715413079b4e04643a822d79bc22be39df2fbd7ab3
    size: 703616
    url: https://raw.githubusercontent.com/commercialhaskell/stackage-snapshots/master/nightly/2025/10/25.yaml
  original: nightly-2025-10-25
