# This file was autogenerated by Stack.
# You should not edit this file by hand.
# For more information, please see the documentation at:
#   https://docs.haskellstack.org/en/stable/lock_files

packages:
- completed:
    hackage: bytestring-conversion-0.3.2@sha256:156804ee1178e1d57a4c834968a1f70ba490a158fad410771910bd0be6444122,2546
    pantry-tree:
      sha256: f0a7c09ece25d568dbb832b11b7f5c105e40e4fc7faf0be4d3c363a67aaf9bbd
      size: 700
  original:
    hackage: bytestring-conversion-0.3.2@sha256:156804ee1178e1d57a4c834968a1f70ba490a158fad410771910bd0be6444122,2546
snapshots:
- completed:
    sha256: a81fb3877c4f9031e1325eb3935122e608d80715dc16b586eb11ddbff8671ecd
    size: 640086
    url: https://raw.githubusercontent.com/commercialhaskell/stackage-snapshots/master/lts/21/25.yaml
  original: lts-21.25
