# This file was autogenerated by Stack.
# You should not edit this file by hand.
# For more information, please see the documentation at:
#   https://docs.haskellstack.org/en/stable/lock_files

packages: []
snapshots:
- completed:
    sha256: a3bfe0e7a268a5b892695cb9b16894c09125e13b5da34b4cc3dba713cfa59c48
    size: 678950
    url: https://raw.githubusercontent.com/commercialhaskell/stackage-snapshots/master/nightly/2023/10/4.yaml
  original: nightly-2023-10-04
