# This file was autogenerated by Stack.
# You should not edit this file by hand.
# For more information, please see the documentation at:
#   https://docs.haskellstack.org/en/stable/lock_files

packages: []
snapshots:
- completed:
    sha256: 770f8e182e042ccbd0984b1073dc4deaba3be8fe86420175f5a97670f4de4e2d
    size: 656413
    url: https://raw.githubusercontent.com/commercialhaskell/stackage-snapshots/master/nightly/2024/7/19.yaml
  original: nightly-2024-07-19
