# This file was autogenerated by Stack.
# You should not edit this file by hand.
# For more information, please see the documentation at:
#   https://docs.haskellstack.org/en/stable/lock_files

packages:
- completed:
    hackage: scotty-0.22@sha256:b3c799b3c4896176342062c1140c290ffb9a8d81e6da2ea3e12f7a83cbda78d4,6013
    pantry-tree:
      sha256: ec781405d9d771ad8e0b0d6f350b4c4296104665668fc7263ba36839f674d835
      size: 2138
  original:
    hackage: scotty-0.22@sha256:b3c799b3c4896176342062c1140c290ffb9a8d81e6da2ea3e12f7a83cbda78d4,6013
- completed:
    hackage: servant-0.20.1@sha256:1a6ad2727d6a10c16c46ba7cd5ed9b9854750ac3cb4f2b931b5ed133f7d8a179,5626
    pantry-tree:
      sha256: cef7f2a7d534a4f3984297fedd74b6e99c3edbd9bfba9096ece79e7a2019b00e
      size: 2873
  original:
    hackage: servant-0.20.1@sha256:1a6ad2727d6a10c16c46ba7cd5ed9b9854750ac3cb4f2b931b5ed133f7d8a179,5626
- completed:
    hackage: servant-server-0.20@sha256:6c21c1226235bd65a7c2151083b8b35a5c5f5dfe9ee867163e9d507cc97639cd,5739
    pantry-tree:
      sha256: 161e45555d0a0decdb90c3858543a99d6347fa5a520dc496f202e785bc367947
      size: 2615
  original:
    hackage: servant-server-0.20@sha256:6c21c1226235bd65a7c2151083b8b35a5c5f5dfe9ee867163e9d507cc97639cd,5739
snapshots:
- completed:
    sha256: 98fe98dae6f42f9b4405e5467f62f57df2896c57b742a09772688c900c722510
    size: 719579
    url: https://raw.githubusercontent.com/commercialhaskell/stackage-snapshots/master/lts/22/29.yaml
  original: lts-22.29
