# This file was autogenerated by Stack.
# You should not edit this file by hand.
# For more information, please see the documentation at:
#   https://docs.haskellstack.org/en/stable/lock_files

packages:
- completed:
    hackage: scotty-0.21@sha256:d17f6aa30fc4763670922b3e554db35858b9f7aa9c19937c47568480c4d1e031,5948
    pantry-tree:
      sha256: 9999357ebe8e98b9f52da601a7c051819c661ea8381825078f990266b32c335b
      size: 2068
  original:
    hackage: scotty-0.21@sha256:d17f6aa30fc4763670922b3e554db35858b9f7aa9c19937c47568480c4d1e031,5948
snapshots:
- completed:
    sha256: e2c529ccfb21501f98f639e056cbde50470b86256d9849d7a82d414ca23e4276
    size: 712898
    url: https://raw.githubusercontent.com/commercialhaskell/stackage-snapshots/master/lts/22/12.yaml
  original: lts-22.12
