# This file was autogenerated by Stack.
# You should not edit this file by hand.
# For more information, please see the documentation at:
#   https://docs.haskellstack.org/en/stable/lock_files

packages:
- completed:
    hackage: scotty-0.21@sha256:d17f6aa30fc4763670922b3e554db35858b9f7aa9c19937c47568480c4d1e031,5948
    pantry-tree:
      sha256: 9999357ebe8e98b9f52da601a7c051819c661ea8381825078f990266b32c335b
      size: 2068
  original:
    hackage: scotty-0.21@sha256:d17f6aa30fc4763670922b3e554db35858b9f7aa9c19937c47568480c4d1e031,5948
- completed:
    hackage: servant-0.20.1@sha256:3f0850b019cfcb66501048e6e881a005b2decfee9abb36efc8a2bb5e4f76fe8c,5626
    pantry-tree:
      sha256: d8a0d5a18e42b5c187f262f1f96a197721ab6cf385347ecfd1b47f422a732717
      size: 2873
  original:
    hackage: servant-0.20.1@sha256:3f0850b019cfcb66501048e6e881a005b2decfee9abb36efc8a2bb5e4f76fe8c,5626
- completed:
    hackage: servant-server-0.20@sha256:6f312610f197b0162dc198250c553c9bcfeeb8d2f960929909a1d21e278d37f8,5739
    pantry-tree:
      sha256: 0daca40197be74f3eb61a636a7edeaa300abbe0f9be6d022fad77c309a39f841
      size: 2615
  original:
    hackage: servant-server-0.20@sha256:6f312610f197b0162dc198250c553c9bcfeeb8d2f960929909a1d21e278d37f8,5739
snapshots:
- completed:
    sha256: a81fb3877c4f9031e1325eb3935122e608d80715dc16b586eb11ddbff8671ecd
    size: 640086
    url: https://raw.githubusercontent.com/commercialhaskell/stackage-snapshots/master/lts/21/25.yaml
  original: lts-21.25
