# This file was autogenerated by Stack.
# You should not edit this file by hand.
# For more information, please see the documentation at:
#   https://docs.haskellstack.org/en/stable/lock_files

packages: []
snapshots:
- completed:
    sha256: d161a959f17f432560fba0db8839c7da5a9ba4bfa57075fe2dbbf0101e47dfa0
    size: 603329
    url: https://raw.githubusercontent.com/commercialhaskell/stackage-snapshots/master/nightly/2024/3/6.yaml
  original: nightly-2024-03-06
