# This file was autogenerated by Stack.
# You should not edit this file by hand.
# For more information, please see the documentation at:
#   https://docs.haskellstack.org/en/stable/lock_files

packages: []
snapshots:
- completed:
    sha256: f493859c3ff97bbe56657807ed8037ceacb38d179e13fc265ee314ee3767fcf3
    size: 619216
    url: https://raw.githubusercontent.com/commercialhaskell/stackage-snapshots/master/nightly/2022/7/31.yaml
  original: nightly-2022-07-31
