# This file was autogenerated by Stack.
# You should not edit this file by hand.
# For more information, please see the documentation at:
#   https://docs.haskellstack.org/en/stable/topics/lock_files

packages: []
snapshots:
- completed:
    sha256: e3489a5d516072799e6c9b9ee8473c851316686669124e8360f442537f616257
    size: 769866
    url: https://raw.githubusercontent.com/commercialhaskell/stackage-snapshots/master/nightly/2026/8/8.yaml
  original: nightly-2026-08-08
